
Microsoft Visual Studio Solution File, Format Version 12.00
# Visual Studio Version 17
VisualStudioVersion = 17.5.33627.172
MinimumVisualStudioVersion = 10.0.40219.1
Project("{9A19103F-16F7-4668-BE54-9A1E7A4F7556}") = "TaskManagementAppDataAccess", "TaskManagementAppDataAccess\TaskManagementAppDataAccess.csproj", "{AE1A71B3-CDF0-4B35-B962-DD9386E8B934}"
EndProject
Project("{9A19103F-16F7-4668-BE54-9A1E7A4F7556}") = "TaskManagementAppConsole", "TaskManagementAppConsole\TaskManagementAppConsole.csproj", "{5FBD32EC-74D4-47EC-A2E2-049F958E5EF2}"
EndProject
Project("{2150E333-8FDC-42A3-9474-1A3956D46DE8}") = "Elementos de la solución", "Elementos de la solución", "{7313BE7D-4AF6-4B7C-8687-F88E9179E5B6}"
	ProjectSection(SolutionItems) = preProject
		SQLQuery1.sql = SQLQuery1.sql
	EndProjectSection
EndProject
Global
	GlobalSection(SolutionConfigurationPlatforms) = preSolution
		Debug|Any CPU = Debug|Any CPU
		Release|Any CPU = Release|Any CPU
	EndGlobalSection
	GlobalSection(ProjectConfigurationPlatforms) = postSolution
		{AE1A71B3-CDF0-4B35-B962-DD9386E8B934}.Debug|Any CPU.ActiveCfg = Debug|Any CPU
		{AE1A71B3-CDF0-4B35-B962-DD9386E8B934}.Debug|Any CPU.Build.0 = Debug|Any CPU
		{AE1A71B3-CDF0-4B35-B962-DD9386E8B934}.Release|Any CPU.ActiveCfg = Release|Any CPU
		{AE1A71B3-CDF0-4B35-B962-DD9386E8B934}.Release|Any CPU.Build.0 = Release|Any CPU
		{5FBD32EC-74D4-47EC-A2E2-049F958E5EF2}.Debug|Any CPU.ActiveCfg = Debug|Any CPU
		{5FBD32EC-74D4-47EC-A2E2-049F958E5EF2}.Debug|Any CPU.Build.0 = Debug|Any CPU
		{5FBD32EC-74D4-47EC-A2E2-049F958E5EF2}.Release|Any CPU.ActiveCfg = Release|Any CPU
		{5FBD32EC-74D4-47EC-A2E2-049F958E5EF2}.Release|Any CPU.Build.0 = Release|Any CPU
	EndGlobalSection
	GlobalSection(SolutionProperties) = preSolution
		HideSolutionNode = FALSE
	EndGlobalSection
	GlobalSection(ExtensibilityGlobals) = postSolution
		SolutionGuid = {827BD4CD-18A8-4355-AA72-CB1F482F330D}
	EndGlobalSection
EndGlobal
